
Microsoft Visual Studio Solution File, Format Version 12.00
# Visual Studio Version 16
VisualStudioVersion = 16.0.31410.357
MinimumVisualStudioVersion = 10.0.40219.1
Project("{FAE04EC0-301F-11D3-BF4B-00C04F79EFBC}") = "Tapsiriq", "Tapsiriq\Tapsiriq.csproj", "{0424DDAC-0A9C-4AE6-A03A-008B43399661}"
EndProject
Global
	GlobalSection(SolutionConfigurationPlatforms) = preSolution
		Debug|Any CPU = Debug|Any CPU
		Release|Any CPU = Release|Any CPU
	EndGlobalSection
	GlobalSection(ProjectConfigurationPlatforms) = postSolution
		{0424DDAC-0A9C-4AE6-A03A-008B43399661}.Debug|Any CPU.ActiveCfg = Debug|Any CPU
		{0424DDAC-0A9C-4AE6-A03A-008B43399661}.Debug|Any CPU.Build.0 = Debug|Any CPU
		{0424DDAC-0A9C-4AE6-A03A-008B43399661}.Release|Any CPU.ActiveCfg = Release|Any CPU
		{0424DDAC-0A9C-4AE6-A03A-008B43399661}.Release|Any CPU.Build.0 = Release|Any CPU
	EndGlobalSection
	GlobalSection(SolutionProperties) = preSolution
		HideSolutionNode = FALSE
	EndGlobalSection
	GlobalSection(ExtensibilityGlobals) = postSolution
		SolutionGuid = {C908EE32-D930-4169-A0CC-90F6B52EA6C9}
	EndGlobalSection
EndGlobal
